
Microsoft Visual Studio Solution File, Format Version 12.00
# Visual Studio Version 16
VisualStudioVersion = 16.0.32413.511
MinimumVisualStudioVersion = 10.0.40219.1
Project("{FAE04EC0-301F-11D3-BF4B-00C04F79EFBC}") = "MyHomework_Lesson_1", "MyHomework_Lesson_1\MyHomework_Lesson_1.csproj", "{CA406D46-6A81-44E1-B64E-98AFD6BAA804}"
EndProject
Global
	GlobalSection(SolutionConfigurationPlatforms) = preSolution
		Debug|Any CPU = Debug|Any CPU
		Release|Any CPU = Release|Any CPU
	EndGlobalSection
	GlobalSection(ProjectConfigurationPlatforms) = postSolution
		{CA406D46-6A81-44E1-B64E-98AFD6BAA804}.Debug|Any CPU.ActiveCfg = Debug|Any CPU
		{CA406D46-6A81-44E1-B64E-98AFD6BAA804}.Debug|Any CPU.Build.0 = Debug|Any CPU
		{CA406D46-6A81-44E1-B64E-98AFD6BAA804}.Release|Any CPU.ActiveCfg = Release|Any CPU
		{CA406D46-6A81-44E1-B64E-98AFD6BAA804}.Release|Any CPU.Build.0 = Release|Any CPU
	EndGlobalSection
	GlobalSection(SolutionProperties) = preSolution
		HideSolutionNode = FALSE
	EndGlobalSection
	GlobalSection(ExtensibilityGlobals) = postSolution
		SolutionGuid = {8DD0CB26-01A7-4D68-A0F1-60D1F55B8930}
	EndGlobalSection
EndGlobal
